
Microsoft Visual Studio Solution File, Format Version 12.00
# Visual Studio Version 17
VisualStudioVersion = 17.12.35707.178 d17.12
MinimumVisualStudioVersion = 10.0.40219.1
Project("{FAE04EC0-301F-11D3-BF4B-00C04F79EFBC}") = "ShadowScan_GUI", "ShadowScan_GUI.csproj", "{2FC94729-F45D-4118-9D82-1625B49C76D1}"
EndProject
Project("{FAE04EC0-301F-11D3-BF4B-00C04F79EFBC}") = "ShadowScan_Server", "..\ShadowScan_Server\ShadowScan_Server\ShadowScan_Server.csproj", "{328A56E4-07A2-43A1-BDD0-4FB7D8189B9A}"
EndProject
Global
	GlobalSection(SolutionConfigurationPlatforms) = preSolution
		Debug|Any CPU = Debug|Any CPU
		Release|Any CPU = Release|Any CPU
	EndGlobalSection
	GlobalSection(ProjectConfigurationPlatforms) = postSolution
		{2FC94729-F45D-4118-9D82-1625B49C76D1}.Debug|Any CPU.ActiveCfg = Debug|Any CPU
		{2FC94729-F45D-4118-9D82-1625B49C76D1}.Debug|Any CPU.Build.0 = Debug|Any CPU
		{2FC94729-F45D-4118-9D82-1625B49C76D1}.Release|Any CPU.ActiveCfg = Release|Any CPU
		{2FC94729-F45D-4118-9D82-1625B49C76D1}.Release|Any CPU.Build.0 = Release|Any CPU
		{328A56E4-07A2-43A1-BDD0-4FB7D8189B9A}.Debug|Any CPU.ActiveCfg = Debug|Any CPU
		{328A56E4-07A2-43A1-BDD0-4FB7D8189B9A}.Debug|Any CPU.Build.0 = Debug|Any CPU
		{328A56E4-07A2-43A1-BDD0-4FB7D8189B9A}.Release|Any CPU.ActiveCfg = Release|Any CPU
		{328A56E4-07A2-43A1-BDD0-4FB7D8189B9A}.Release|Any CPU.Build.0 = Release|Any CPU
	EndGlobalSection
	GlobalSection(SolutionProperties) = preSolution
		HideSolutionNode = FALSE
	EndGlobalSection
EndGlobal
